# THIS IS AN AUTOGENERATED FILE. DO NOT EDIT THIS FILE DIRECTLY.
# yarn lockfile v1


svelte-lazy-image@^0.5.1:
  version "0.5.1"
  resolved "https://registry.yarnpkg.com/svelte-lazy-image/-/svelte-lazy-image-0.5.1.tgz#20b14c0736a51a30f5607865d5e2310c60ffd4be"
  integrity sha512-BDwywMngYjrEtL73N2ZKYYnWlNBWSnw31y1Mb3kNeXVc/9iDir6Ew3bfuDtuEyi3evBFXF0jixkCMFuTseWjWQ==
